
Microsoft Visual Studio Solution File, Format Version 12.00
# Visual Studio Version 17
VisualStudioVersion = 17.12.35527.113 d17.12
MinimumVisualStudioVersion = 10.0.40219.1
Project("{FAE04EC0-301F-11D3-BF4B-00C04F79EFBC}") = "Student management", "Student management\Student management.csproj", "{7C8F9C87-042C-48E9-9F2F-E5B9C4A48EDA}"
EndProject
Global
	GlobalSection(SolutionConfigurationPlatforms) = preSolution
		Debug|Any CPU = Debug|Any CPU
		Release|Any CPU = Release|Any CPU
	EndGlobalSection
	GlobalSection(ProjectConfigurationPlatforms) = postSolution
		{7C8F9C87-042C-48E9-9F2F-E5B9C4A48EDA}.Debug|Any CPU.ActiveCfg = Debug|Any CPU
		{7C8F9C87-042C-48E9-9F2F-E5B9C4A48EDA}.Debug|Any CPU.Build.0 = Debug|Any CPU
		{7C8F9C87-042C-48E9-9F2F-E5B9C4A48EDA}.Release|Any CPU.ActiveCfg = Release|Any CPU
		{7C8F9C87-042C-48E9-9F2F-E5B9C4A48EDA}.Release|Any CPU.Build.0 = Release|Any CPU
	EndGlobalSection
	GlobalSection(SolutionProperties) = preSolution
		HideSolutionNode = FALSE
	EndGlobalSection
EndGlobal
